
Microsoft Visual Studio Solution File, Format Version 12.00
# Visual Studio Version 16
VisualStudioVersion = 16.0.30002.166
MinimumVisualStudioVersion = 10.0.40219.1
Project("{FAE04EC0-301F-11D3-BF4B-00C04F79EFBC}") = "Cartao-fidelidade-api", "Cartao-fidelidade-api\Cartao-fidelidade-api.csproj", "{80F9E48E-55B0-4151-B026-DAB9D4FB5065}"
EndProject
Global
	GlobalSection(SolutionConfigurationPlatforms) = preSolution
		Debug|Any CPU = Debug|Any CPU
		Release|Any CPU = Release|Any CPU
	EndGlobalSection
	GlobalSection(ProjectConfigurationPlatforms) = postSolution
		{80F9E48E-55B0-4151-B026-DAB9D4FB5065}.Debug|Any CPU.ActiveCfg = Debug|Any CPU
		{80F9E48E-55B0-4151-B026-DAB9D4FB5065}.Debug|Any CPU.Build.0 = Debug|Any CPU
		{80F9E48E-55B0-4151-B026-DAB9D4FB5065}.Release|Any CPU.ActiveCfg = Release|Any CPU
		{80F9E48E-55B0-4151-B026-DAB9D4FB5065}.Release|Any CPU.Build.0 = Release|Any CPU
	EndGlobalSection
	GlobalSection(SolutionProperties) = preSolution
		HideSolutionNode = FALSE
	EndGlobalSection
	GlobalSection(ExtensibilityGlobals) = postSolution
		SolutionGuid = {2AA3C761-47DA-451D-8794-6FFB56B174BA}
	EndGlobalSection
EndGlobal
